
Microsoft Visual Studio Solution File, Format Version 12.00
# Visual Studio Version 17
VisualStudioVersion = 17.1.32421.90
MinimumVisualStudioVersion = 10.0.40219.1
Project("{FAE04EC0-301F-11D3-BF4B-00C04F79EFBC}") = "Beyond", "Beyond\Beyond.csproj", "{EA5C0962-6636-4A1E-9DD6-92E6A2A0BD4F}"
EndProject
Global
	GlobalSection(SolutionConfigurationPlatforms) = preSolution
		Debug|Any CPU = Debug|Any CPU
		Release|Any CPU = Release|Any CPU
	EndGlobalSection
	GlobalSection(ProjectConfigurationPlatforms) = postSolution
		{EA5C0962-6636-4A1E-9DD6-92E6A2A0BD4F}.Debug|Any CPU.ActiveCfg = Debug|Any CPU
		{EA5C0962-6636-4A1E-9DD6-92E6A2A0BD4F}.Debug|Any CPU.Build.0 = Debug|Any CPU
		{EA5C0962-6636-4A1E-9DD6-92E6A2A0BD4F}.Release|Any CPU.ActiveCfg = Release|Any CPU
		{EA5C0962-6636-4A1E-9DD6-92E6A2A0BD4F}.Release|Any CPU.Build.0 = Release|Any CPU
	EndGlobalSection
	GlobalSection(SolutionProperties) = preSolution
		HideSolutionNode = FALSE
	EndGlobalSection
	GlobalSection(ExtensibilityGlobals) = postSolution
		SolutionGuid = {D6CFD425-F890-4E53-A61B-7ACE32D356C1}
	EndGlobalSection
EndGlobal
